{
  "originHash" : "28ce6524230a8242ca3f211ce216424c2ad7361e312317e19075afe9868e2302",
  "pins" : [
    {
      "identity" : "reactiveswift",
      "kind" : "remoteSourceControl",
      "location" : "https://github.com/Fleuronic/ReactiveSwift.git",
      "state" : {
        "branch" : "swift-concurrency",
        "revision" : "d5a275b4b3d57872f6a77aa76cd70942baba4d9d"
      }
    }
  ],
  "version" : 3
}
