{
  "originHash" : "36a468c3435177fafa8d8ca062629e0991fb8820c55c23b4492dbd56af5d1350",
  "pins" : [
    {
      "identity" : "reactiveswift",
      "kind" : "remoteSourceControl",
      "location" : "https://github.com/Fleuronic/ReactiveSwift.git",
      "state" : {
        "branch" : "main",
        "revision" : "db54c7d9b7cf3ed89962eac4b28a4c05df855956"
      }
    }
  ],
  "version" : 3
}
