{
  "originHash" : "60fa53fabe67daaf02ada966f41757acf3a5694f69329dcce127c711078eb56a",
  "pins" : [
    {
      "identity" : "reactiveswift",
      "kind" : "remoteSourceControl",
      "location" : "https://github.com/ReactiveCocoa/ReactiveSwift.git",
      "state" : {
        "branch" : "sendable",
        "revision" : "302100cf9c31f9d63991e7c7167374247932fe88"
      }
    }
  ],
  "version" : 3
}
